<?xml version="1.0" encoding="utf-8"?>
<Project ToolsVersion="4.0" xmlns="http://schemas.microsoft.com/developer/msbuild/2003">
  <ItemGroup>
    <None Include="packages.config" />
    <None Include="Assets\config.json">
      <Filter>Assets</Filter>
    </None>
    <None Include="Assets\Textures\bounding-box.json">
      <Filter>Assets\Textures</Filter>
    </None>
    <None Include="Assets\Textures\super-mario.json">
      <Filter>Assets\Textures</Filter>
    </None>
    <None Include="Assets\Animations\super-mario.json">
      <Filter>Assets\Animations</Filter>
    </None>
    <None Include="Assets\Textures\mics.json">
      <Filter>Assets\Textures</Filter>
    </None>
    <None Include="Assets\Tilemaps\stage-1.json">
      <Filter>Assets\Tilemaps</Filter>
    </None>
    <None Include="Assets\Textures\world-map-1.json">
      <Filter>Assets\Textures</Filter>
    </None>
    <None Include="Assets\Textures\world-map-2.json">
      <Filter>Assets\Textures</Filter>
    </None>
    <None Include="Assets\Tilemaps\world-map.json">
      <Filter>Assets\Tilemaps</Filter>
    </None>
    <None Include="Assets\Textures\raccoon-mario.json">
      <Filter>Assets\Textures</Filter>
    </None>
    <None Include="Assets\Textures\small-mario.json">
      <Filter>Assets\Textures</Filter>
    </None>
    <None Include="Assets\Animations\raccoon-mario.json">
      <Filter>Assets\Animations</Filter>
    </None>
    <None Include="Assets\Animations\small-mario.json">
      <Filter>Assets\Animations</Filter>
    </None>
    <None Include="Assets\Textures\hub-and-font.json">
      <Filter>Assets\Textures</Filter>
    </None>
    <None Include="Assets\Animations\items.json">
      <Filter>Assets\Animations</Filter>
    </None>
    <None Include="Assets\Textures\enemies.json">
      <Filter>Assets\Textures</Filter>
    </None>
    <None Include="Assets\Animations\enemies.json">
      <Filter>Assets\Animations</Filter>
    </None>
  </ItemGroup>
  <ItemGroup>
    <Filter Include="Core">
      <UniqueIdentifier>{c876c796-1ce7-4927-be94-1e14a13692ef}</UniqueIdentifier>
    </Filter>
    <Filter Include="Graphic">
      <UniqueIdentifier>{94bddc39-6535-4320-98d1-7e896e404a74}</UniqueIdentifier>
    </Filter>
    <Filter Include="Physic">
      <UniqueIdentifier>{5948e2ae-0aef-4f81-acd7-6026102096e2}</UniqueIdentifier>
    </Filter>
    <Filter Include="Utils">
      <UniqueIdentifier>{448df26c-b2d9-4efa-b0a3-c97b21e889c6}</UniqueIdentifier>
    </Filter>
    <Filter Include="Input">
      <UniqueIdentifier>{d1939f5a-48dd-4d8d-9a4e-88c2e2d84bf8}</UniqueIdentifier>
    </Filter>
    <Filter Include="Core\Header">
      <UniqueIdentifier>{5c0b5620-c323-4dfb-93b1-eeaae20f34d2}</UniqueIdentifier>
      <Extensions>h</Extensions>
    </Filter>
    <Filter Include="Core\Source">
      <UniqueIdentifier>{67485753-f8e4-483b-928a-5bd1a3045f82}</UniqueIdentifier>
      <Extensions>cpp</Extensions>
    </Filter>
    <Filter Include="Graphic\Header">
      <UniqueIdentifier>{0c6af328-f049-47ae-985f-1f35f3f88210}</UniqueIdentifier>
      <Extensions>h</Extensions>
    </Filter>
    <Filter Include="Graphic\Source">
      <UniqueIdentifier>{6dff0186-43ce-4b58-8a84-b174a40d85d7}</UniqueIdentifier>
      <Extensions>cpp</Extensions>
    </Filter>
    <Filter Include="Utils\Header">
      <UniqueIdentifier>{d80c732a-ac1a-48b7-887b-b524f919b530}</UniqueIdentifier>
      <Extensions>h;hpp</Extensions>
    </Filter>
    <Filter Include="Utils\Source">
      <UniqueIdentifier>{5f85a0b8-e8dc-4ff8-bffc-694e5aa787e6}</UniqueIdentifier>
      <Extensions>cpp</Extensions>
    </Filter>
    <Filter Include="Assets">
      <UniqueIdentifier>{6fb9d2ca-c3ab-4902-9bf8-bc5e8d502b36}</UniqueIdentifier>
      <Extensions>json;png</Extensions>
    </Filter>
    <Filter Include="Assets\Textures">
      <UniqueIdentifier>{798258e6-75aa-432a-98c2-c6accef43e9d}</UniqueIdentifier>
    </Filter>
    <Filter Include="Assets\Animations">
      <UniqueIdentifier>{22242a2e-18f5-49e5-a31f-25ffdac5457a}</UniqueIdentifier>
    </Filter>
    <Filter Include="Physic\Header">
      <UniqueIdentifier>{b2c8d62a-2817-4085-ad3e-91af2d20ab21}</UniqueIdentifier>
      <Extensions>.h</Extensions>
    </Filter>
    <Filter Include="Physic\Source">
      <UniqueIdentifier>{552972b5-84ce-4993-8137-c99d449bbac6}</UniqueIdentifier>
      <Extensions>.cpp</Extensions>
    </Filter>
    <Filter Include="Game">
      <UniqueIdentifier>{a6a11720-0a55-49d1-a3e7-9933b0fa97f9}</UniqueIdentifier>
    </Filter>
    <Filter Include="Game\Mario">
      <UniqueIdentifier>{521d2320-fefe-4aab-bebf-4a5abd949e24}</UniqueIdentifier>
    </Filter>
    <Filter Include="Assets\Tilemaps">
      <UniqueIdentifier>{62255499-b0b1-4ec2-80e6-9154ca20f84c}</UniqueIdentifier>
    </Filter>
    <Filter Include="Game\Scenes">
      <UniqueIdentifier>{71547433-44d7-4671-87f0-ab4498de6aa2}</UniqueIdentifier>
    </Filter>
    <Filter Include="Game\Items">
      <UniqueIdentifier>{a250d508-c635-49b2-ba2f-5934ad79ac30}</UniqueIdentifier>
    </Filter>
    <Filter Include="Game\Enemies">
      <UniqueIdentifier>{90dacbdc-a8ce-4ecd-a8cb-3552ed133022}</UniqueIdentifier>
    </Filter>
  </ItemGroup>
  <ItemGroup>
    <ClInclude Include="Core\GameEngine.h">
      <Filter>Core\Header</Filter>
    </ClInclude>
    <ClInclude Include="Core\Timer.h">
      <Filter>Core\Header</Filter>
    </ClInclude>
    <ClInclude Include="Utils\json.hpp">
      <Filter>Utils\Header</Filter>
    </ClInclude>
    <ClInclude Include="Utils\Property.h">
      <Filter>Utils\Header</Filter>
    </ClInclude>
    <ClInclude Include="Graphic\Graphic.h">
      <Filter>Graphic\Header</Filter>
    </ClInclude>
    <ClInclude Include="Utils\Debug.h">
      <Filter>Utils\Header</Filter>
    </ClInclude>
    <ClInclude Include="Graphic\Texture.h">
      <Filter>Graphic\Header</Filter>
    </ClInclude>
    <ClInclude Include="Graphic\TextureService.h">
      <Filter>Graphic\Header</Filter>
    </ClInclude>
    <ClInclude Include="Graphic\Sprite.h">
      <Filter>Graphic\Header</Filter>
    </ClInclude>
    <ClInclude Include="Graphic\SpriteService.h">
      <Filter>Graphic\Header</Filter>
    </ClInclude>
    <ClInclude Include="Graphic\Animation.h">
      <Filter>Graphic\Header</Filter>
    </ClInclude>
    <ClInclude Include="Graphic\AnimationFrame.h">
      <Filter>Graphic\Header</Filter>
    </ClInclude>
    <ClInclude Include="Graphic\AnimationService.h">
      <Filter>Graphic\Header</Filter>
    </ClInclude>
    <ClInclude Include="Core\KeyboardHandler.h">
      <Filter>Core\Header</Filter>
    </ClInclude>
    <ClInclude Include="Core\GameObject.h">
      <Filter>Core\Header</Filter>
    </ClInclude>
    <ClInclude Include="Utils\CMath.h">
      <Filter>Utils\Header</Filter>
    </ClInclude>
    <ClInclude Include="Game\Mario\Mario.h">
      <Filter>Game\Mario</Filter>
    </ClInclude>
    <ClInclude Include="Physic\CollisionManager.h">
      <Filter>Physic\Header</Filter>
    </ClInclude>
    <ClInclude Include="Physic\CollisionEvent.h">
      <Filter>Physic\Header</Filter>
    </ClInclude>
    <ClInclude Include="Core\Scene.h">
      <Filter>Core\Header</Filter>
    </ClInclude>
    <ClInclude Include="Game\Scenes\CSceneOne.h">
      <Filter>Game\Scenes</Filter>
    </ClInclude>
    <ClInclude Include="Game\Scenes\CSceneWorldMap.h">
      <Filter>Game\Scenes</Filter>
    </ClInclude>
    <ClInclude Include="Core\Camera.h">
      <Filter>Core\Header</Filter>
    </ClInclude>
    <ClInclude Include="Game\GUI.h">
      <Filter>Game</Filter>
    </ClInclude>
    <ClInclude Include="Game\Items\Brick.h">
      <Filter>Game\Items</Filter>
    </ClInclude>
    <ClInclude Include="Game\Items\Coin.h">
      <Filter>Game\Items</Filter>
    </ClInclude>
    <ClInclude Include="Game\Items\Mushroom.h">
      <Filter>Game\Items</Filter>
    </ClInclude>
    <ClInclude Include="Core\ObjectPool.h">
      <Filter>Core\Header</Filter>
    </ClInclude>
    <ClInclude Include="Game\Items\Leaf.h">
      <Filter>Game\Items</Filter>
    </ClInclude>
    <ClInclude Include="Game\Enemies\VenusFireTrap.h">
      <Filter>Game\Enemies</Filter>
    </ClInclude>
    <ClInclude Include="Game\Enemies\Goomba.h">
      <Filter>Game\Enemies</Filter>
    </ClInclude>
    <ClInclude Include="Game\Enemies\KoopaParaTroopa.h">
      <Filter>Game\Enemies</Filter>
    </ClInclude>
    <ClInclude Include="Game\Enemies\FireBall.h">
      <Filter>Game\Enemies</Filter>
    </ClInclude>
    <ClInclude Include="Game\Enemies\ParaGoomba.h">
      <Filter>Game\Enemies</Filter>
    </ClInclude>
    <ClInclude Include="Graphic\Renderable.h">
      <Filter>Core\Header</Filter>
    </ClInclude>
    <ClInclude Include="Core\State.h">
      <Filter>Core\Header</Filter>
    </ClInclude>
    <ClInclude Include="Game\Mario\MarioConst.h">
      <Filter>Game\Mario</Filter>
    </ClInclude>
    <ClInclude Include="Game\Items\Head.h">
      <Filter>Game\Items</Filter>
    </ClInclude>
    <ClInclude Include="Game\Items\Platform.h">
      <Filter>Game\Items</Filter>
    </ClInclude>
    <ClInclude Include="Game\Items\Items.h">
      <Filter>Game\Items</Filter>
    </ClInclude>
    <ClInclude Include="Game\Enemies\Enemies.h">
      <Filter>Game\Enemies</Filter>
    </ClInclude>
    <ClInclude Include="Game\Enemies\KoopaTroopa.h">
      <Filter>Game\Enemies</Filter>
    </ClInclude>
  </ItemGroup>
  <ItemGroup>
    <ClCompile Include="Core\GameEngine.cpp">
      <Filter>Core\Source</Filter>
    </ClCompile>
    <ClCompile Include="main.cpp" />
    <ClCompile Include="Core\Timer.cpp">
      <Filter>Core\Source</Filter>
    </ClCompile>
    <ClCompile Include="Graphic\Graphic.cpp">
      <Filter>Graphic\Source</Filter>
    </ClCompile>
    <ClCompile Include="Utils\Debug.cpp">
      <Filter>Utils\Source</Filter>
    </ClCompile>
    <ClCompile Include="Graphic\Texture.cpp">
      <Filter>Graphic\Source</Filter>
    </ClCompile>
    <ClCompile Include="Graphic\TextureService.cpp">
      <Filter>Graphic\Source</Filter>
    </ClCompile>
    <ClCompile Include="Graphic\Sprite.cpp">
      <Filter>Graphic\Source</Filter>
    </ClCompile>
    <ClCompile Include="Graphic\SpriteService.cpp">
      <Filter>Graphic\Source</Filter>
    </ClCompile>
    <ClCompile Include="Graphic\Animation.cpp">
      <Filter>Graphic\Source</Filter>
    </ClCompile>
    <ClCompile Include="Graphic\AnimationFrame.cpp">
      <Filter>Graphic\Source</Filter>
    </ClCompile>
    <ClCompile Include="Graphic\AnimationService.cpp">
      <Filter>Graphic\Source</Filter>
    </ClCompile>
    <ClCompile Include="Core\KeyboardHandler.cpp">
      <Filter>Core\Source</Filter>
    </ClCompile>
    <ClCompile Include="Core\GameObject.cpp">
      <Filter>Core\Source</Filter>
    </ClCompile>
    <ClCompile Include="Game\Mario\Mario.cpp">
      <Filter>Game\Mario</Filter>
    </ClCompile>
    <ClCompile Include="Physic\CollisionManager.cpp">
      <Filter>Physic\Source</Filter>
    </ClCompile>
    <ClCompile Include="Physic\CollisionEvent.cpp">
      <Filter>Physic\Source</Filter>
    </ClCompile>
    <ClCompile Include="Core\Scene.cpp">
      <Filter>Core\Source</Filter>
    </ClCompile>
    <ClCompile Include="Game\Scenes\CSceneOne.cpp">
      <Filter>Game\Scenes</Filter>
    </ClCompile>
    <ClCompile Include="Game\Scenes\CSceneWorldMap.cpp">
      <Filter>Game\Scenes</Filter>
    </ClCompile>
    <ClCompile Include="Core\Camera.cpp">
      <Filter>Core\Source</Filter>
    </ClCompile>
    <ClCompile Include="Game\GUI.cpp">
      <Filter>Game</Filter>
    </ClCompile>
    <ClCompile Include="Game\Items\Brick.cpp">
      <Filter>Game\Items</Filter>
    </ClCompile>
    <ClCompile Include="Game\Items\Coin.cpp">
      <Filter>Game\Items</Filter>
    </ClCompile>
    <ClCompile Include="Game\Items\Mushroom.cpp">
      <Filter>Game\Items</Filter>
    </ClCompile>
    <ClCompile Include="Core\ObjectPool.cpp">
      <Filter>Core\Source</Filter>
    </ClCompile>
    <ClCompile Include="Game\Items\Leaf.cpp">
      <Filter>Game\Items</Filter>
    </ClCompile>
    <ClCompile Include="Game\Enemies\VenusFireTrap.cpp">
      <Filter>Game\Enemies</Filter>
    </ClCompile>
    <ClCompile Include="Game\Enemies\Goomba.cpp">
      <Filter>Game\Enemies</Filter>
    </ClCompile>
    <ClCompile Include="Game\Enemies\KoopaParaTroopa.cpp">
      <Filter>Game\Enemies</Filter>
    </ClCompile>
    <ClCompile Include="Game\Enemies\FireBall.cpp">
      <Filter>Game\Enemies</Filter>
    </ClCompile>
    <ClCompile Include="Game\Enemies\ParaGoomba.cpp">
      <Filter>Game\Enemies</Filter>
    </ClCompile>
    <ClCompile Include="Game\Items\Head.cpp">
      <Filter>Game\Items</Filter>
    </ClCompile>
    <ClCompile Include="Game\Items\Platform.cpp">
      <Filter>Game\Items</Filter>
    </ClCompile>
    <ClCompile Include="Game\Enemies\KoopaTroopa.cpp">
      <Filter>Game\Enemies</Filter>
    </ClCompile>
  </ItemGroup>
  <ItemGroup>
    <Image Include="Assets\Textures\bounding-box.png">
      <Filter>Assets\Textures</Filter>
    </Image>
    <Image Include="Assets\Textures\super-mario.png">
      <Filter>Assets\Textures</Filter>
    </Image>
    <Image Include="Assets\Textures\mics.png">
      <Filter>Assets\Textures</Filter>
    </Image>
    <Image Include="Assets\Textures\world-map-1.png">
      <Filter>Assets\Textures</Filter>
    </Image>
    <Image Include="Assets\Textures\world-map-2.png">
      <Filter>Assets\Textures</Filter>
    </Image>
    <Image Include="Assets\Textures\raccoon-mario.png">
      <Filter>Assets\Textures</Filter>
    </Image>
    <Image Include="Assets\Textures\small-mario.png">
      <Filter>Assets\Textures</Filter>
    </Image>
    <Image Include="Assets\Textures\hub-and-font.png">
      <Filter>Assets\Textures</Filter>
    </Image>
    <Image Include="Assets\Textures\enemies.png">
      <Filter>Assets\Textures</Filter>
    </Image>
  </ItemGroup>
  <ItemGroup>
    <FxCompile Include="basic.fx" />
  </ItemGroup>
</Project>